
Microsoft Visual Studio Solution File, Format Version 12.00
# Visual Studio Version 17
VisualStudioVersion = 17.11.35327.3
MinimumVisualStudioVersion = 10.0.40219.1
Project("{FAE04EC0-301F-11D3-BF4B-00C04F79EFBC}") = "EjercicioInterfaces", "EjercicioInterfaces\EjercicioInterfaces.csproj", "{8C3B0EDD-0C3B-415A-B6B0-9EB333CC793F}"
EndProject
Global
	GlobalSection(SolutionConfigurationPlatforms) = preSolution
		Debug|Any CPU = Debug|Any CPU
		Release|Any CPU = Release|Any CPU
	EndGlobalSection
	GlobalSection(ProjectConfigurationPlatforms) = postSolution
		{8C3B0EDD-0C3B-415A-B6B0-9EB333CC793F}.Debug|Any CPU.ActiveCfg = Debug|Any CPU
		{8C3B0EDD-0C3B-415A-B6B0-9EB333CC793F}.Debug|Any CPU.Build.0 = Debug|Any CPU
		{8C3B0EDD-0C3B-415A-B6B0-9EB333CC793F}.Release|Any CPU.ActiveCfg = Release|Any CPU
		{8C3B0EDD-0C3B-415A-B6B0-9EB333CC793F}.Release|Any CPU.Build.0 = Release|Any CPU
	EndGlobalSection
	GlobalSection(SolutionProperties) = preSolution
		HideSolutionNode = FALSE
	EndGlobalSection
	GlobalSection(ExtensibilityGlobals) = postSolution
		SolutionGuid = {61AE5A26-74B7-497A-8111-B6E7E7ECFDE3}
	EndGlobalSection
EndGlobal
